
Microsoft Visual Studio Solution File, Format Version 12.00
# Visual Studio 15
VisualStudioVersion = 15.0.27130.2020
MinimumVisualStudioVersion = 10.0.40219.1
Project("{FAE04EC0-301F-11D3-BF4B-00C04F79EFBC}") = "BuscarRestaurantApp", "BuscarRestaurantApp\BuscarRestaurantApp.csproj", "{CCAFBED1-0A92-4E43-929F-28E3AE51536B}"
EndProject
Project("{2150E333-8FDC-42A3-9474-1A3956D46DE8}") = "1 Cliente", "1 Cliente", "{2B0BE814-3E2C-43FA-A1EB-184DE70762A5}"
EndProject
Project("{2150E333-8FDC-42A3-9474-1A3956D46DE8}") = "1.1 Api", "1.1 Api", "{42DF5F27-9016-4997-9D42-7D9198EF9D96}"
EndProject
Project("{2150E333-8FDC-42A3-9474-1A3956D46DE8}") = "1.2 Services", "1.2 Services", "{D0D69B68-F9C0-4D0B-B845-FA7889D1140C}"
EndProject
Project("{2150E333-8FDC-42A3-9474-1A3956D46DE8}") = "2 Aplicacion", "2 Aplicacion", "{CAF778C9-544B-440D-B050-FAD047E62E85}"
EndProject
Project("{2150E333-8FDC-42A3-9474-1A3956D46DE8}") = "2.1 Contracts", "2.1 Contracts", "{E220B644-9E47-4873-98FE-92333A36DF95}"
EndProject
Project("{FAE04EC0-301F-11D3-BF4B-00C04F79EFBC}") = "UPC.SD.Base.Contracts", "UCP.SD.BaseContracts\UPC.SD.Base.Contracts.csproj", "{BCA51AF5-5C25-423F-AE19-12126C8836E7}"
EndProject
Project("{FAE04EC0-301F-11D3-BF4B-00C04F79EFBC}") = "UPC.SD.BaseEntidad.Contracts", "UPC.SD.BaseEntidad\UPC.SD.BaseEntidad.Contracts.csproj", "{BE9894E0-C617-4C54-83FB-18A4059DB4A7}"
EndProject
Project("{FAE04EC0-301F-11D3-BF4B-00C04F79EFBC}") = "UPC.SD.GestionRestaurante.Contracts", "UPC.SD.GestionRestaurante.Contracts\UPC.SD.GestionRestaurante.Contracts.csproj", "{6ABFEEFE-DF17-424A-9270-5B985274951E}"
EndProject
Project("{FAE04EC0-301F-11D3-BF4B-00C04F79EFBC}") = "UPC.SD.GestionRestaurante.BL", "UPC.SD.GestionRestaurante.BL\UPC.SD.GestionRestaurante.BL.csproj", "{18CC67A7-5FB3-436A-B193-D47CE76C7B76}"
EndProject
Project("{FAE04EC0-301F-11D3-BF4B-00C04F79EFBC}") = "UPC.SD.GestionRestaurante.BF", "UPC.SD.GestionRestaurante.BF\UPC.SD.GestionRestaurante.BF.csproj", "{A87F2CB8-D45D-45DB-97A4-A35E910BE62B}"
EndProject
Project("{2150E333-8FDC-42A3-9474-1A3956D46DE8}") = "1.2.1 Gestion Restaurante", "1.2.1 Gestion Restaurante", "{D73FADE5-FF1E-4DB1-956C-EA77011FFF6C}"
EndProject
Project("{2150E333-8FDC-42A3-9474-1A3956D46DE8}") = "1.2.2 Seguridad", "1.2.2 Seguridad", "{2848BBF5-4C1C-4091-84B4-5601A01CB3E3}"
EndProject
Project("{FAE04EC0-301F-11D3-BF4B-00C04F79EFBC}") = "UPC.SD.Seguridad.Contracts", "UPC.SD.Seguridad.Contracts\UPC.SD.Seguridad.Contracts.csproj", "{EE857D4B-1F8B-4D3C-9F74-7BA6E68411E1}"
EndProject
Project("{FAE04EC0-301F-11D3-BF4B-00C04F79EFBC}") = "UPC.SD.BuscarRestaurante.Contracts", "UPC.SD.BuscarRestaurante.Contracts\UPC.SD.BuscarRestaurante.Contracts.csproj", "{DEFB80DD-449B-4AB2-9F99-94049A373864}"
EndProject
Project("{2150E333-8FDC-42A3-9474-1A3956D46DE8}") = "1.2.3 PagoServicio", "1.2.3 PagoServicio", "{983F0772-D9E8-4CEB-B571-A58EBD966E92}"
EndProject
Project("{FAE04EC0-301F-11D3-BF4B-00C04F79EFBC}") = "UPC.SD.PagoServicio.BL", "UPC.SD.PagoServicio.BL\UPC.SD.PagoServicio.BL.csproj", "{CB6A6405-1294-4F6C-80DF-E8305CD23B39}"
EndProject
Project("{FAE04EC0-301F-11D3-BF4B-00C04F79EFBC}") = "UPC.SD.PagoServicio.Contracts", "UPC.SD.PagoServicio.Contracts\UPC.SD.PagoServicio.Contracts.csproj", "{5149D6D7-70F1-43C4-8E14-AFA4E4F03D50}"
EndProject
Project("{2150E333-8FDC-42A3-9474-1A3956D46DE8}") = "3 Common", "3 Common", "{CFB81593-8C0D-4F69-8D28-7D98689A1773}"
EndProject
Project("{FAE04EC0-301F-11D3-BF4B-00C04F79EFBC}") = "UPC.SD.UtlitarioCommon", "UPC.SD.UtlitarioCommon\UPC.SD.UtlitarioCommon.csproj", "{CFC954B5-A0C8-4F3E-A5FB-BF1AE155FDBD}"
EndProject
Project("{FAE04EC0-301F-11D3-BF4B-00C04F79EFBC}") = "UPC.SD.PagoServicio.BF", "UPC.SD.PagoServicio.BF\UPC.SD.PagoServicio.BF.csproj", "{631A3F29-6B00-4CA8-9B4D-92BAFCACD837}"
EndProject
Global
	GlobalSection(SolutionConfigurationPlatforms) = preSolution
		Debug|Any CPU = Debug|Any CPU
		Release|Any CPU = Release|Any CPU
	EndGlobalSection
	GlobalSection(ProjectConfigurationPlatforms) = postSolution
		{CCAFBED1-0A92-4E43-929F-28E3AE51536B}.Debug|Any CPU.ActiveCfg = Debug|Any CPU
		{CCAFBED1-0A92-4E43-929F-28E3AE51536B}.Debug|Any CPU.Build.0 = Debug|Any CPU
		{CCAFBED1-0A92-4E43-929F-28E3AE51536B}.Release|Any CPU.ActiveCfg = Release|Any CPU
		{CCAFBED1-0A92-4E43-929F-28E3AE51536B}.Release|Any CPU.Build.0 = Release|Any CPU
		{BCA51AF5-5C25-423F-AE19-12126C8836E7}.Debug|Any CPU.ActiveCfg = Debug|Any CPU
		{BCA51AF5-5C25-423F-AE19-12126C8836E7}.Debug|Any CPU.Build.0 = Debug|Any CPU
		{BCA51AF5-5C25-423F-AE19-12126C8836E7}.Release|Any CPU.ActiveCfg = Release|Any CPU
		{BCA51AF5-5C25-423F-AE19-12126C8836E7}.Release|Any CPU.Build.0 = Release|Any CPU
		{BE9894E0-C617-4C54-83FB-18A4059DB4A7}.Debug|Any CPU.ActiveCfg = Debug|Any CPU
		{BE9894E0-C617-4C54-83FB-18A4059DB4A7}.Debug|Any CPU.Build.0 = Debug|Any CPU
		{BE9894E0-C617-4C54-83FB-18A4059DB4A7}.Release|Any CPU.ActiveCfg = Release|Any CPU
		{BE9894E0-C617-4C54-83FB-18A4059DB4A7}.Release|Any CPU.Build.0 = Release|Any CPU
		{6ABFEEFE-DF17-424A-9270-5B985274951E}.Debug|Any CPU.ActiveCfg = Debug|Any CPU
		{6ABFEEFE-DF17-424A-9270-5B985274951E}.Debug|Any CPU.Build.0 = Debug|Any CPU
		{6ABFEEFE-DF17-424A-9270-5B985274951E}.Release|Any CPU.ActiveCfg = Release|Any CPU
		{6ABFEEFE-DF17-424A-9270-5B985274951E}.Release|Any CPU.Build.0 = Release|Any CPU
		{18CC67A7-5FB3-436A-B193-D47CE76C7B76}.Debug|Any CPU.ActiveCfg = Debug|Any CPU
		{18CC67A7-5FB3-436A-B193-D47CE76C7B76}.Debug|Any CPU.Build.0 = Debug|Any CPU
		{18CC67A7-5FB3-436A-B193-D47CE76C7B76}.Release|Any CPU.ActiveCfg = Release|Any CPU
		{18CC67A7-5FB3-436A-B193-D47CE76C7B76}.Release|Any CPU.Build.0 = Release|Any CPU
		{A87F2CB8-D45D-45DB-97A4-A35E910BE62B}.Debug|Any CPU.ActiveCfg = Debug|Any CPU
		{A87F2CB8-D45D-45DB-97A4-A35E910BE62B}.Debug|Any CPU.Build.0 = Debug|Any CPU
		{A87F2CB8-D45D-45DB-97A4-A35E910BE62B}.Release|Any CPU.ActiveCfg = Release|Any CPU
		{A87F2CB8-D45D-45DB-97A4-A35E910BE62B}.Release|Any CPU.Build.0 = Release|Any CPU
		{EE857D4B-1F8B-4D3C-9F74-7BA6E68411E1}.Debug|Any CPU.ActiveCfg = Debug|Any CPU
		{EE857D4B-1F8B-4D3C-9F74-7BA6E68411E1}.Debug|Any CPU.Build.0 = Debug|Any CPU
		{EE857D4B-1F8B-4D3C-9F74-7BA6E68411E1}.Release|Any CPU.ActiveCfg = Release|Any CPU
		{EE857D4B-1F8B-4D3C-9F74-7BA6E68411E1}.Release|Any CPU.Build.0 = Release|Any CPU
		{DEFB80DD-449B-4AB2-9F99-94049A373864}.Debug|Any CPU.ActiveCfg = Debug|Any CPU
		{DEFB80DD-449B-4AB2-9F99-94049A373864}.Debug|Any CPU.Build.0 = Debug|Any CPU
		{DEFB80DD-449B-4AB2-9F99-94049A373864}.Release|Any CPU.ActiveCfg = Release|Any CPU
		{DEFB80DD-449B-4AB2-9F99-94049A373864}.Release|Any CPU.Build.0 = Release|Any CPU
		{CB6A6405-1294-4F6C-80DF-E8305CD23B39}.Debug|Any CPU.ActiveCfg = Debug|Any CPU
		{CB6A6405-1294-4F6C-80DF-E8305CD23B39}.Debug|Any CPU.Build.0 = Debug|Any CPU
		{CB6A6405-1294-4F6C-80DF-E8305CD23B39}.Release|Any CPU.ActiveCfg = Release|Any CPU
		{CB6A6405-1294-4F6C-80DF-E8305CD23B39}.Release|Any CPU.Build.0 = Release|Any CPU
		{5149D6D7-70F1-43C4-8E14-AFA4E4F03D50}.Debug|Any CPU.ActiveCfg = Debug|Any CPU
		{5149D6D7-70F1-43C4-8E14-AFA4E4F03D50}.Debug|Any CPU.Build.0 = Debug|Any CPU
		{5149D6D7-70F1-43C4-8E14-AFA4E4F03D50}.Release|Any CPU.ActiveCfg = Release|Any CPU
		{5149D6D7-70F1-43C4-8E14-AFA4E4F03D50}.Release|Any CPU.Build.0 = Release|Any CPU
		{CFC954B5-A0C8-4F3E-A5FB-BF1AE155FDBD}.Debug|Any CPU.ActiveCfg = Debug|Any CPU
		{CFC954B5-A0C8-4F3E-A5FB-BF1AE155FDBD}.Debug|Any CPU.Build.0 = Debug|Any CPU
		{CFC954B5-A0C8-4F3E-A5FB-BF1AE155FDBD}.Release|Any CPU.ActiveCfg = Release|Any CPU
		{CFC954B5-A0C8-4F3E-A5FB-BF1AE155FDBD}.Release|Any CPU.Build.0 = Release|Any CPU
		{631A3F29-6B00-4CA8-9B4D-92BAFCACD837}.Debug|Any CPU.ActiveCfg = Debug|Any CPU
		{631A3F29-6B00-4CA8-9B4D-92BAFCACD837}.Debug|Any CPU.Build.0 = Debug|Any CPU
		{631A3F29-6B00-4CA8-9B4D-92BAFCACD837}.Release|Any CPU.ActiveCfg = Release|Any CPU
		{631A3F29-6B00-4CA8-9B4D-92BAFCACD837}.Release|Any CPU.Build.0 = Release|Any CPU
	EndGlobalSection
	GlobalSection(SolutionProperties) = preSolution
		HideSolutionNode = FALSE
	EndGlobalSection
	GlobalSection(NestedProjects) = preSolution
		{CCAFBED1-0A92-4E43-929F-28E3AE51536B} = {42DF5F27-9016-4997-9D42-7D9198EF9D96}
		{42DF5F27-9016-4997-9D42-7D9198EF9D96} = {2B0BE814-3E2C-43FA-A1EB-184DE70762A5}
		{D0D69B68-F9C0-4D0B-B845-FA7889D1140C} = {2B0BE814-3E2C-43FA-A1EB-184DE70762A5}
		{E220B644-9E47-4873-98FE-92333A36DF95} = {CAF778C9-544B-440D-B050-FAD047E62E85}
		{BCA51AF5-5C25-423F-AE19-12126C8836E7} = {E220B644-9E47-4873-98FE-92333A36DF95}
		{BE9894E0-C617-4C54-83FB-18A4059DB4A7} = {E220B644-9E47-4873-98FE-92333A36DF95}
		{6ABFEEFE-DF17-424A-9270-5B985274951E} = {E220B644-9E47-4873-98FE-92333A36DF95}
		{18CC67A7-5FB3-436A-B193-D47CE76C7B76} = {D73FADE5-FF1E-4DB1-956C-EA77011FFF6C}
		{A87F2CB8-D45D-45DB-97A4-A35E910BE62B} = {D73FADE5-FF1E-4DB1-956C-EA77011FFF6C}
		{D73FADE5-FF1E-4DB1-956C-EA77011FFF6C} = {D0D69B68-F9C0-4D0B-B845-FA7889D1140C}
		{2848BBF5-4C1C-4091-84B4-5601A01CB3E3} = {D0D69B68-F9C0-4D0B-B845-FA7889D1140C}
		{EE857D4B-1F8B-4D3C-9F74-7BA6E68411E1} = {E220B644-9E47-4873-98FE-92333A36DF95}
		{DEFB80DD-449B-4AB2-9F99-94049A373864} = {E220B644-9E47-4873-98FE-92333A36DF95}
		{983F0772-D9E8-4CEB-B571-A58EBD966E92} = {D0D69B68-F9C0-4D0B-B845-FA7889D1140C}
		{CB6A6405-1294-4F6C-80DF-E8305CD23B39} = {983F0772-D9E8-4CEB-B571-A58EBD966E92}
		{5149D6D7-70F1-43C4-8E14-AFA4E4F03D50} = {E220B644-9E47-4873-98FE-92333A36DF95}
		{CFC954B5-A0C8-4F3E-A5FB-BF1AE155FDBD} = {CFB81593-8C0D-4F69-8D28-7D98689A1773}
		{631A3F29-6B00-4CA8-9B4D-92BAFCACD837} = {983F0772-D9E8-4CEB-B571-A58EBD966E92}
	EndGlobalSection
	GlobalSection(ExtensibilityGlobals) = postSolution
		SolutionGuid = {9ADD6780-C0CE-4F26-9B72-65D9BD5B55B7}
	EndGlobalSection
EndGlobal
